hash: fced42b62cde6d7b979916691ebbd0dedec127df9fbd5e74a5de085324849ed6
updated: 2017-07-14T21:39:46.273971214-05:00
imports:
- name: github.com/chzyer/readline
  version: 62c6fe6193755f722b8b8788aa7357be55a50ff1
- name: github.com/fatih/structs
  version: a720dfa8df582c51dee1b36feabb906bde1588bd
- name: github.com/johnnadratowski/golang-neo4j-bolt-driver
  version: 2387cc1f01254d3a0055e034f5716278a1f420c7
  subpackages:
  - structures/graph
- name: github.com/mattn/go-zglob
  version: 95345c4e1c0ebc9d16a3284177f09360f4d20fab
- name: github.com/mitchellh/mapstructure
  version: db1efb556f84b25a0a13a04aad883943538ad2e0
- name: github.com/satori/go.uuid
  version: 879c5887cd475cd7864858769793b2ceb0d44feb
- name: github.com/Sirupsen/logrus
  version: d26492970760ca5d33129d2d799e34be5c4782eb
- name: github.com/spf13/cobra
  version: c29ece4386f74084680e5e6d02d7b943ae630f63
- name: github.com/spf13/viper
  version: 5ed0fc31f7f453625df314d8e66b9791e8d13003
- name: github.com/x-cray/logrus-prefixed-formatter
  version: a35e641b1da09880f6432c2c7e814ef0817663f7
- name: github.com/yuin/gopher-lua
  version: b402f3114ec730d8bddb074a6c137309f561aa78
- name: golang.org/x/crypto
  version: 3627ff35f31987174dbee61d9d1dcc1c643e7174
  subpackages:
  - bcrypt
- name: layeh.com/gopher-luar
  version: 16281577dff29557258daa8ca9bc9b2e05f451f2
testImports:
- name: github.com/jinzhu/gorm
  version: ""
- name: github.com/onsi/ginkgo
  version: ""
  subpackages:
  - extensions/table
- name: github.com/onsi/gomega
  version: ""
