hash: 8612409b0afef9d88ddd37048125ab7bac3f929f5912c77ab129973a69e3fd29
updated: 2016-02-21T00:20:35.762200128-06:00
imports:
- name: github.com/armon/consul-api
  version: dcfedd50ed5334f96adee43fc88518a4f095e15c
- name: github.com/BurntSushi/toml
  version: 5c4df71dfe9ac89ef6287afc05e4c1b16ae65a1e
- name: github.com/coreos/go-etcd
  version: 003851be7bb0694fe3cc457a49529a19388ee7cf
- name: github.com/cpuguy83/go-md2man
  version: 2724a9c9051aa62e9cca11304e7dd518e9e41599
- name: github.com/dchest/blake2b
  version: 3c8c640cd7bea3ca78209d812b5854442ab92fed
- name: github.com/go-sql-driver/mysql
  version: 1309049fd598c1faa0290fd70ab1afde2b6df0f9
- name: github.com/golang/protobuf
  version: 2402d76f3d41f928c7902a765dfc872356dd3aad
- name: github.com/hashicorp/hcl
  version: 578dd9746824a54637686b51a41bad457a56bcef
- name: github.com/jinzhu/gorm
  version: 9739cb853cbfb312fb0e20c7643588004cb50e4d
- name: github.com/jinzhu/inflection
  version: 3272df6c21d04180007eb3349844c89a3856bc25
- name: github.com/kr/pretty
  version: e6ac2fc51e89a3249e82157fa0bb7a18ef9dd5bb
- name: github.com/kr/pty
  version: f7ee69f31298ecbe5d2b349c711e2547a617d398
- name: github.com/kr/text
  version: bb797dc4fb8320488f47bf11de07a733d7233e1f
- name: github.com/layeh/gopher-luar
  version: 0cfa37e7d7a39213dd0522d49293689742ba4478
- name: github.com/lib/pq
  version: 8ad2b298cadd691a77015666a5372eae5dbfac8f
- name: github.com/magiconair/properties
  version: c81f9d71af8f8cba1466501d30326b99a4e56c19
- name: github.com/mattn/go-colorable
  version: 3dac7b4f76f6e17fb39b768b89e3783d16e237fe
- name: github.com/mattn/go-sqlite3
  version: c5aee9649735e8dadac55eb968ccebd9fa29a881
- name: github.com/mgutz/ansi
  version: c286dcecd19ff979eeb73ea444e479b903f2cfcb
- name: github.com/mitchellh/mapstructure
  version: 281073eb9eb092240d33ef253c404f1cca550309
- name: github.com/onsi/ginkgo
  version: e43390e35a4a88f3f95d5ddf9055efb7a1170469
  subpackages:
  - /ginkgo
- name: github.com/onsi/gomega
  version: 0fe204460da2c8fa1babcaac196e694de8f1aaa1
- name: github.com/pzduniak/argon2
  version: 2e310c35143933ecb508bd1f86a0b3f499c26e65
- name: github.com/russross/blackfriday
  version: c8875c0ed47e07b063c3628e2e4d4c9826721795
- name: github.com/shurcooL/sanitized_anchor_name
  version: 10ef21a441db47d8b13ebcc5fd2310f636973c77
- name: github.com/Sirupsen/logrus
  version: f7f79f729e0fbe2fcc061db48a9ba0263f588252
- name: github.com/spf13/cast
  version: ee7b3e0353166ab1f3a605294ac8cd2b77953778
- name: github.com/spf13/cobra
  version: 8e91712f174ced10270cf66615e0a9127e7c4de5
- name: github.com/spf13/jwalterweatherman
  version: d00654080cddbd2b082acaa74007cb94a2b40866
- name: github.com/spf13/pflag
  version: 7f60f83a2c81bc3c3c0d5297f61ddfa68da9d3b7
- name: github.com/spf13/viper
  version: a212099cbe6fbe8d07476bfda8d2d39b6ff8f325
- name: github.com/ugorji/go
  version: 646ae4a518c1c3be0739df898118d9bccf993858
- name: github.com/x-cray/logrus-prefixed-formatter
  version: 19bfe61502ba35a3235b4970c10b9366a0aa9b61
- name: github.com/xordataexchange/crypt
  version: 749e360c8f236773f28fc6d3ddfce4a470795227
- name: github.com/yuin/gopher-lua
  version: 0dd1a863ede8c4543814ca0658cc5c22061d48bc
- name: golang.org/x/crypto
  version: 3760e016850398b85094c4c99e955b8c3dea5711
- name: gopkg.in/airbrake/gobrake.v2
  version: c9d51adc624b5cc4c1bf8de730a09af4878ffe2d
- name: gopkg.in/fsnotify.v1
  version: 8611c35ab31c1c28aa903d33cf8b6e44a399b09e
- name: gopkg.in/gemnasium/logrus-airbrake-hook.v2
  version: 31e6fd4bd5a98d8ee7673d24bc54ec73c31810dd
- name: gopkg.in/yaml.v2
  version: f7716cbe52baa25d2e9b0d0da546fcf909fc16b4
devImports: []
